
Microsoft Visual Studio Solution File, Format Version 12.00
# Visual Studio Version 16
VisualStudioVersion = 16.0.34301.259
MinimumVisualStudioVersion = 10.0.40219.1
Project("{FAE04EC0-301F-11D3-BF4B-00C04F79EFBC}") = "AnimalsApplication", "AnimalsApplication\AnimalsApplication.csproj", "{82CCA1DB-BAB8-415B-B3AE-74DD24B0DF4F}"
EndProject
Project("{2150E333-8FDC-42A3-9474-1A3956D46DE8}") = "Solution Items", "Solution Items", "{03C7765E-4BCB-4293-AD96-FCE20AA57F1E}"
	ProjectSection(SolutionItems) = preProject
		README.md = README.md
	EndProjectSection
EndProject
Global
	GlobalSection(SolutionConfigurationPlatforms) = preSolution
		Debug|Any CPU = Debug|Any CPU
		Release|Any CPU = Release|Any CPU
	EndGlobalSection
	GlobalSection(ProjectConfigurationPlatforms) = postSolution
		{82CCA1DB-BAB8-415B-B3AE-74DD24B0DF4F}.Debug|Any CPU.ActiveCfg = Debug|Any CPU
		{82CCA1DB-BAB8-415B-B3AE-74DD24B0DF4F}.Debug|Any CPU.Build.0 = Debug|Any CPU
		{82CCA1DB-BAB8-415B-B3AE-74DD24B0DF4F}.Release|Any CPU.ActiveCfg = Release|Any CPU
		{82CCA1DB-BAB8-415B-B3AE-74DD24B0DF4F}.Release|Any CPU.Build.0 = Release|Any CPU
	EndGlobalSection
	GlobalSection(SolutionProperties) = preSolution
		HideSolutionNode = FALSE
	EndGlobalSection
	GlobalSection(ExtensibilityGlobals) = postSolution
		SolutionGuid = {CC3407F6-9CE9-4932-9F6B-6B5192E8D16B}
	EndGlobalSection
EndGlobal
